
Microsoft Visual Studio Solution File, Format Version 12.00
# Visual Studio Version 16
VisualStudioVersion = 16.0.30804.86
MinimumVisualStudioVersion = 10.0.40219.1
Project("{FAE04EC0-301F-11D3-BF4B-00C04F79EFBC}") = "RISTORANTIS", "RISTORANTIS\RISTORANTIS.csproj", "{751E303F-7E68-4FB5-A2DB-84FAFBCA4D34}"
EndProject
Global
	GlobalSection(SolutionConfigurationPlatforms) = preSolution
		Debug|Any CPU = Debug|Any CPU
		Release|Any CPU = Release|Any CPU
	EndGlobalSection
	GlobalSection(ProjectConfigurationPlatforms) = postSolution
		{751E303F-7E68-4FB5-A2DB-84FAFBCA4D34}.Debug|Any CPU.ActiveCfg = Debug|Any CPU
		{751E303F-7E68-4FB5-A2DB-84FAFBCA4D34}.Debug|Any CPU.Build.0 = Debug|Any CPU
		{751E303F-7E68-4FB5-A2DB-84FAFBCA4D34}.Release|Any CPU.ActiveCfg = Release|Any CPU
		{751E303F-7E68-4FB5-A2DB-84FAFBCA4D34}.Release|Any CPU.Build.0 = Release|Any CPU
	EndGlobalSection
	GlobalSection(SolutionProperties) = preSolution
		HideSolutionNode = FALSE
	EndGlobalSection
	GlobalSection(ExtensibilityGlobals) = postSolution
		SolutionGuid = {F22E639C-9AE7-449B-B475-97EFED6AE3ED}
	EndGlobalSection
EndGlobal
